
Microsoft Visual Studio Solution File, Format Version 12.00
# Visual Studio Version 17
VisualStudioVersion = 17.9.34902.65
MinimumVisualStudioVersion = 10.0.40219.1
Project("{FAE04EC0-301F-11D3-BF4B-00C04F79EFBC}") = "keyLogger", "keyLogger.csproj", "{DAA67E1E-829A-412A-A702-0CF641561F5A}"
EndProject
Global
	GlobalSection(SolutionConfigurationPlatforms) = preSolution
		Debug|Any CPU = Debug|Any CPU
		Release|Any CPU = Release|Any CPU
	EndGlobalSection
	GlobalSection(ProjectConfigurationPlatforms) = postSolution
		{DAA67E1E-829A-412A-A702-0CF641561F5A}.Debug|Any CPU.ActiveCfg = Debug|Any CPU
		{DAA67E1E-829A-412A-A702-0CF641561F5A}.Debug|Any CPU.Build.0 = Debug|Any CPU
		{DAA67E1E-829A-412A-A702-0CF641561F5A}.Release|Any CPU.ActiveCfg = Release|Any CPU
		{DAA67E1E-829A-412A-A702-0CF641561F5A}.Release|Any CPU.Build.0 = Release|Any CPU
	EndGlobalSection
	GlobalSection(SolutionProperties) = preSolution
		HideSolutionNode = FALSE
	EndGlobalSection
	GlobalSection(ExtensibilityGlobals) = postSolution
		SolutionGuid = {62462C30-0DCD-4C95-8A46-86D1299D7851}
	EndGlobalSection
EndGlobal
